NeoBundleLock Align 787662fe90cd057942bc5b682fd70c87e1a9dd77
NeoBundleLock DumbBuf e7651342de0d6361896f8929c584cf1d42215ae2
NeoBundleLock EasyMotion bde4831d5c6922440651a3423c9b60116415f1db
NeoBundleLock Gundo f443470b96364c24a775629418a6b2562ec9173e
NeoBundleLock JavaScript-syntax e24f4aa35f7d8c18cef41bc4cc76f52db5327f80
NeoBundleLock L9 c822b05ee0886f9a9703227dc85a6d47612c4bf1
NeoBundleLock Pydiction e20ea6ce25862f034977622550e4bfdb3884b150
NeoBundleLock SQLUtilities 566184530da81aa05ae4ac4ba6cf5034292a9b89
NeoBundleLock Smooth-Scroll 734d35ca66caec6c53b4487488c6f4fc5ba70b07
NeoBundleLock The-NERD-tree af65bd23e69a3a5fc1a39eb47733191b7110bb1e
NeoBundleLock TwitVim e8409b3452949a162879926b5e7af840a674c9f8
NeoBundleLock camelcasemotion 8db17bdee3f42bd71839ead2a84b2ee1916e45c2
NeoBundleLock cascading.vim 698895533dd81ebb18cd0271a70f36ee1faa5754
NeoBundleLock cecutil 53bfe3c673d3b767ac453e8bc542bcfb38cd67df
NeoBundleLock desert256.vim 28218ba05f77003e720ede1e74efaa17cc3e9051
NeoBundleLock eregex.vim 084de426c4b85aee060893f5b5e1798a2dfeb713
NeoBundleLock errormarker.vim eab7ae1d8961d3512703aa9eadefbde5f062a970
NeoBundleLock gist-vim 8a567b823163d349406dffaff4519e0bac10eade
NeoBundleLock grep.vim 852ddb0c6590bbc41c508d7f5d2fc17112492def
NeoBundleLock haml.zip 430eb45cab9f4daa8b66bdfe64cc1bec0d11b10b
NeoBundleLock jQuery 895d237528151c373d71c99f4812eb45b094e7c8
NeoBundleLock lingr-vim 9e080ea9b94134d1b51cad4c862d626fcad751ff
NeoBundleLock matchit.zip ced6c409c9beeb0b4142d21906606bd194411d1d
NeoBundleLock molokai db8ce13b3737d3ddea8368498183d7c204a762eb
NeoBundleLock mrkn256.vim 82dd19d58d18012637d80bd09774681304f9b2da
NeoBundleLock neobundle.vim b9ce3904b44af0907c3621a172a0ee5c31a5556f
NeoBundleLock neocomplcache d83bcbd0b142eb8de9d669ead26914cd7322a51c
NeoBundleLock neomru.vim 7df9999b841228661ff73909c5b9e34952331e22
NeoBundleLock neosnippet 044c9cb8ca46a5e27eec37198990c26fe707b02a
NeoBundleLock neosnippet-snippets d2296c11d759fa5dd9a0b7f2f554e223e9adad7f
NeoBundleLock nerdcommenter 6549cfde45339bd4f711504196ff3e8b766ef5e6
NeoBundleLock nginx.vim 152bbb2dc00c2df37049ccf75f68f294208c72cb
NeoBundleLock open-browser.vim 4184376d06525f9b5fb7c08ce2a482e1d6acf645
NeoBundleLock operator-camelize 46f630e85730b3626bd274da070ca6f254ef626d
NeoBundleLock operator-replace 62e26864c4d4f0829407abceacb9d32948113982
NeoBundleLock operator-user 3f071f9370dfd5320c21d91494d4cc7902ab33e4
NeoBundleLock recognize_charcode.vim e3736c82396ae54160a275329e2915ddd8ca2d83
NeoBundleLock rsense e4297052ef32d06237e8bd1534a0caf70a34ad28
NeoBundleLock ruby-matchit c4d8079287fc8d804d2a92bcb66964d673666540
NeoBundleLock smartchr bb34ecf2c557f93560a335ea4bd9433d52703af6
NeoBundleLock smartword 5118f75133885a8d8f7369f955568e878b191552
NeoBundleLock syntastic 6b76c26cbaa2565387b62c7a7af9a56402dcf297
NeoBundleLock tabular 60f25648814f0695eeb6c1040d97adca93c4e0bb
NeoBundleLock taglist.vim 53041fbc45398a9af631a20657e109707a455339
NeoBundleLock unite-help 5a8dc6cf157627f8ebf16ca60dec2d4125f8008f
NeoBundleLock unite-outline 962aaa61d5585634c15c3a7071df7c6a12c5e3cd
NeoBundleLock unite-rails e173c8ec28c18744a0b778ef78b600ce8759914f
NeoBundleLock unite-tag c01dd03c4345934af3d4d74e3feca0614fd3003f
NeoBundleLock unite-vim_hacks ab622c789268c3debbda2ad1ad59a6af9cc976db
NeoBundleLock unite.vim c300a76a6af48265d783e0626eafb84e680d6bb3
NeoBundleLock urilib.vim a1288710323735fa6f945e9fcee7312b6215036e
NeoBundleLock vim-alignta cb3d593c48d7d3aef829b5aff49ddade24417a9f
NeoBundleLock vim-altercmd 69b471b3b215bbebd2580d1663dc811f9a09b25a
NeoBundleLock vim-autoclose 633cf2285331a7a72190c81c75f10d73f197f709
NeoBundleLock vim-coffee-script 827e4a38b07479433b619091469a7495a392df8a
NeoBundleLock vim-ft-clojure eab839e71c4e956f8d6c21c5373073120971937c
NeoBundleLock vim-fugitive 933f6a1e1df549564062f936bd1c836d28cf1676
NeoBundleLock vim-indent-guides eec1b629dc4cfa3986d20f21d4b4489732cd3f5a
NeoBundleLock vim-jade 185e609717181b1729984272b34f577aa1f047ff
NeoBundleLock vim-markdown 409c37b205afa2f9d590e23de8171482d66770e2
NeoBundleLock vim-nodejs-complete 1e2f98f4366c6dec27fa8df72971fa9fa33e9f07
NeoBundleLock vim-openbuf 781bd6f9d21d08a5b59f383bc60be752c9e2e878
NeoBundleLock vim-powerline 09c0cea859a2e0989eea740655b35976d951a84e
NeoBundleLock vim-python 05362358dda040f9fb938f6269ab7fe54d8fec0b
NeoBundleLock vim-quickrun 324a8a3fbc5cdde3de21f0b76fb7cc0775a91c2c
NeoBundleLock vim-rails b5ccdb47f0b0001bf263a80315d3b6bca7bc3b2e
NeoBundleLock vim-ref 63cef8fe51e597f0b0475b654961cef01feabd93
NeoBundleLock vim-ruby 4661bf70f428c0436ea60d9ba515b4b8dca73f0d
NeoBundleLock vim-scala e294f4427925ccc2127b887d18771f95113330e3
NeoBundleLock vim-surround fa433e0b7330753688f715f3be5d10dc480f20e5
NeoBundleLock vim-toggle e5ff5158fbc3c176ddc432df10e3332c96fe2c7a
NeoBundleLock vim-unite-history 73c766a4dcaa52a1c0306aad81403dc4457c1776
NeoBundleLock vimdoc_ja 14207be02ecb1de326b1f36792dafe50ab64b774
NeoBundleLock vimfiler 51ed6a55d5efd1dde20f1fae03914ed0b417756a
NeoBundleLock vimproc 04b45cd80f48f66daed04a1a48a7ea4e7d316086
NeoBundleLock vimshell 42be4213ea402436734c9b574ed9412e4febd3c7
NeoBundleLock webapi-vim a7789abffe936db56e3152e23733847f94755753
NeoBundleLock xmledit 5cd9e3930b5a3b2c6e831e1553b1a2c0941c60fd
NeoBundleLock yuroyoro256.vim 54a040dbfaafd485ad1a66e9a6a8410be33a1600
